
Microsoft Visual Studio Solution File, Format Version 12.00
# Visual Studio Version 17
VisualStudioVersion = 17.6.33723.286
MinimumVisualStudioVersion = 10.0.40219.1
Project("{FAE04EC0-301F-11D3-BF4B-00C04F79EFBC}") = "Mretodologia", "Mretodologia.csproj", "{E9BE0684-7AA0-47E8-893A-ADF3827A2C0B}"
EndProject
Global
	GlobalSection(SolutionConfigurationPlatforms) = preSolution
		Debug|Any CPU = Debug|Any CPU
		Release|Any CPU = Release|Any CPU
	EndGlobalSection
	GlobalSection(ProjectConfigurationPlatforms) = postSolution
		{E9BE0684-7AA0-47E8-893A-ADF3827A2C0B}.Debug|Any CPU.ActiveCfg = Debug|Any CPU
		{E9BE0684-7AA0-47E8-893A-ADF3827A2C0B}.Debug|Any CPU.Build.0 = Debug|Any CPU
		{E9BE0684-7AA0-47E8-893A-ADF3827A2C0B}.Release|Any CPU.ActiveCfg = Release|Any CPU
		{E9BE0684-7AA0-47E8-893A-ADF3827A2C0B}.Release|Any CPU.Build.0 = Release|Any CPU
	EndGlobalSection
	GlobalSection(SolutionProperties) = preSolution
		HideSolutionNode = FALSE
	EndGlobalSection
	GlobalSection(ExtensibilityGlobals) = postSolution
		SolutionGuid = {DC1E31C1-B852-45D8-8465-A8C2E4020EEE}
	EndGlobalSection
EndGlobal
